{
  "requires": true,
  "lockfileVersion": 1,
  "dependencies": {
    "vue": {
      "version": "2.6.6",
      "resolved": "https://registry.npmjs.org/vue/-/vue-2.6.6.tgz",
      "integrity": "sha512-Y2DdOZD8sxApS+iUlwv1v8U1qN41kq6Kw45lM6nVZKhygeWA49q7VCCXkjXqeDBXgurrKWkYQ9cJeEJwAq0b9Q=="
    },
    "vue-cli-plugin-vuetify": {
      "version": "0.4.6",
      "resolved": "https://registry.npmjs.org/vue-cli-plugin-vuetify/-/vue-cli-plugin-vuetify-0.4.6.tgz",
      "integrity": "sha512-vkai2B3XqanmscUYSioIjJkU7bzBZGl9mCuIISEZtaDy3qWEkF143UGdJ72u/rGuOytLxpV+9B+FNoV93qlnag=="
    },
    "vue-slide-bar": {
      "version": "1.1.9",
      "resolved": "https://registry.npmjs.org/vue-slide-bar/-/vue-slide-bar-1.1.9.tgz",
      "integrity": "sha512-eRFuECvu2+iu1bQ/BGRZkziM9A8ck6rYhVPGvIOgyZDOb0a0+VQy+3eNLNfm1DVz9e659CS7fEP+F6RV2/cM+A==",
      "requires": {
        "vue": "^2.5.2"
      }
    },
    "vue-slider-component": {
      "version": "2.8.10",
      "resolved": "https://registry.npmjs.org/vue-slider-component/-/vue-slider-component-2.8.10.tgz",
      "integrity": "sha512-3/p5GRysvC6cl7uXSXHsex3ShbdBty1X8pcWGq2/rkQdHtK1cTtE2P1A5tmXsgg9go2IrLhlWY6CZsbzQPv4Fg=="
    },
    "vuetify": {
      "version": "1.4.2",
      "resolved": "https://registry.npmjs.org/vuetify/-/vuetify-1.4.2.tgz",
      "integrity": "sha512-HnMBBtO5FqTPzr6FXVlxnYulGMrHVlcmBL7SSLE/AQnNbdUpT6Jw9D/Kdw9fbK5mdn7JSWMcfWpPJUrqYTtK1w=="
    }
  }
}
